<?xml version="1.0" encoding="UTF-8" standalone="yes" ?>
<CodeBlocks_project_file>
	<FileVersion major="1" minor="6" />
	<Project>
		<Option title="TetrisMD" />
		<Option makefile="D:/SGDK/makefile.gen" />
		<Option makefile_is_custom="1" />
		<Option pch_mode="2" />
		<Option compiler="sega_genesis_compiler" />
		<Build>
			<Target title="default">
				<Option output="out/TetrisMD" prefix_auto="1" extension_auto="1" />
				<Option object_output="out/" />
				<Option type="1" />
				<Option compiler="sega_genesis_compiler" />
				<Compiler>
					<Add option="-O2" />
				</Compiler>
				<Linker>
					<Add option="-s" />
				</Linker>
			</Target>
		</Build>
		<Compiler>
			<Add option="-Wall" />
		</Compiler>
		<Unit filename="res/gfx.h" />
		<Unit filename="res/gfx.res" />
		<Unit filename="res/music.h" />
		<Unit filename="res/music.res" />
		<Unit filename="src/Block.c">
			<Option compilerVar="CC" />
			<Option target="&lt;{~None~}&gt;" />
		</Unit>
		<Unit filename="src/Board.c">
			<Option compilerVar="CC" />
			<Option target="&lt;{~None~}&gt;" />
		</Unit>
		<Unit filename="src/define.h">
			<Option target="&lt;{~None~}&gt;" />
		</Unit>
		<Unit filename="src/main.c">
			<Option compilerVar="CC" />
			<Option target="&lt;{~None~}&gt;" />
		</Unit>
		<Extensions>
			<code_completion />
			<envvars />
			<debugger />
		</Extensions>
	</Project>
</CodeBlocks_project_file>
